// !$*UTF8*$!
{
	archiveVersion = 1;
	classes = {
	};
	objectVersion = 51;
	objects = {

/* Begin PBXBuildFile section */
		21E40F6F76845E0A8CCFC3DB /* Pods_wechangeapp.framework in Frameworks */ = {isa = PBXBuildFile; fileRef = 769E135B0E339194A594907E /* Pods_wechangeapp.framework */; };
		38B45F499E7110990FE0FD85 /* Pods_wechangeappTests.framework in Frameworks */ = {isa = PBXBuildFile; fileRef = 0BBD6669AFCADF6EC31C1D46 /* Pods_wechangeappTests.framework */; };
		BFDD95DE26A06676006DA5AC /* AppDelegate.swift in Sources */ = {isa = PBXBuildFile; fileRef = BFDD95DD26A06676006DA5AC /* AppDelegate.swift */; };
		BFDD95E026A06676006DA5AC /* SceneDelegate.swift in Sources */ = {isa = PBXBuildFile; fileRef = BFDD95DF26A06676006DA5AC /* SceneDelegate.swift */; };
		BFDD95E226A06676006DA5AC /* WeChangeViewController.swift in Sources */ = {isa = PBXBuildFile; fileRef = BFDD95E126A06676006DA5AC /* WeChangeViewController.swift */; };
		BFDD95E526A06676006DA5AC /* Main.storyboard in Resources */ = {isa = PBXBuildFile; fileRef = BFDD95E326A06676006DA5AC /* Main.storyboard */; };
		BFDD95E726A06678006DA5AC /* Assets.xcassets in Resources */ = {isa = PBXBuildFile; fileRef = BFDD95E626A06678006DA5AC /* Assets.xcassets */; };
		BFDD95EA26A06678006DA5AC /* LaunchScreen.storyboard in Resources */ = {isa = PBXBuildFile; fileRef = BFDD95E826A06678006DA5AC /* LaunchScreen.storyboard */; };
		BFDD95F526A06679006DA5AC /* wechangeappTests.swift in Sources */ = {isa = PBXBuildFile; fileRef = BFDD95F426A06679006DA5AC /* wechangeappTests.swift */; };
		BFDD960026A06679006DA5AC /* wechangeappUITests.swift in Sources */ = {isa = PBXBuildFile; fileRef = BFDD95FF26A06679006DA5AC /* wechangeappUITests.swift */; };
		BFDD960F26A06DE8006DA5AC /* Config.swift in Sources */ = {isa = PBXBuildFile; fileRef = BFDD960E26A06DE8006DA5AC /* Config.swift */; };
		BFDD961226A070DB006DA5AC /* ExternalAppInformation.swift in Sources */ = {isa = PBXBuildFile; fileRef = BFDD961126A070DB006DA5AC /* ExternalAppInformation.swift */; };
		BFDD961526A071CD006DA5AC /* WechangeCookie.swift in Sources */ = {isa = PBXBuildFile; fileRef = BFDD961426A071CD006DA5AC /* WechangeCookie.swift */; };
		BFDD961726A07634006DA5AC /* ViewModel.swift in Sources */ = {isa = PBXBuildFile; fileRef = BFDD961626A07634006DA5AC /* ViewModel.swift */; };
		BFDD961926A07A4A006DA5AC /* Net.swift in Sources */ = {isa = PBXBuildFile; fileRef = BFDD961826A07A4A006DA5AC /* Net.swift */; };
		C26A3765CA3CC9FD2E089890 /* Pods_wechangeapp_wechangeappUITests.framework in Frameworks */ = {isa = PBXBuildFile; fileRef = 1B7737F817D449C520211CB3 /* Pods_wechangeapp_wechangeappUITests.framework */; };
		FA5F20D026C973D700DD90A7 /* WeChangeNewsFetcher.swift in Sources */ = {isa = PBXBuildFile; fileRef = FA5F20CF26C973D600DD90A7 /* WeChangeNewsFetcher.swift */; };
		FA5F20D226C9821F00DD90A7 /* WeChangeNotificationManager.swift in Sources */ = {isa = PBXBuildFile; fileRef = FA5F20D126C9821F00DD90A7 /* WeChangeNotificationManager.swift */; };
/* End PBXBuildFile section */

/* Begin PBXContainerItemProxy section */
		BFDD95F126A06679006DA5AC /* PBXContainerItemProxy */ = {
			isa = PBXContainerItemProxy;
			containerPortal = BFDD95D226A06676006DA5AC /* Project object */;
			proxyType = 1;
			remoteGlobalIDString = BFDD95D926A06676006DA5AC;
			remoteInfo = wechangeapp;
		};
		BFDD95FC26A06679006DA5AC /* PBXContainerItemProxy */ = {
			isa = PBXContainerItemProxy;
			containerPortal = BFDD95D226A06676006DA5AC /* Project object */;
			proxyType = 1;
			remoteGlobalIDString = BFDD95D926A06676006DA5AC;
			remoteInfo = wechangeapp;
		};
/* End PBXContainerItemProxy section */

/* Begin PBXFileReference section */
		0BBD6669AFCADF6EC31C1D46 /* Pods_wechangeappTests.framework */ = {isa = PBXFileReference; explicitFileType = wrapper.framework; includeInIndex = 0; path = Pods_wechangeappTests.framework; sourceTree = BUILT_PRODUCTS_DIR; };
		1B7737F817D449C520211CB3 /* Pods_wechangeapp_wechangeappUITests.framework */ = {isa = PBXFileReference; explicitFileType = wrapper.framework; includeInIndex = 0; path = Pods_wechangeapp_wechangeappUITests.framework; sourceTree = BUILT_PRODUCTS_DIR; };
		735967B724D1EE6963C2C4A5 /* Pods-wechangeapp-wechangeappUITests.release.xcconfig */ = {isa = PBXFileReference; includeInIndex = 1; lastKnownFileType = text.xcconfig; name = "Pods-wechangeapp-wechangeappUITests.release.xcconfig"; path = "Target Support Files/Pods-wechangeapp-wechangeappUITests/Pods-wechangeapp-wechangeappUITests.release.xcconfig"; sourceTree = "<group>"; };
		738447956824D5A1D08AB999 /* Pods-wechangeappTests.release.xcconfig */ = {isa = PBXFileReference; includeInIndex = 1; lastKnownFileType = text.xcconfig; name = "Pods-wechangeappTests.release.xcconfig"; path = "Target Support Files/Pods-wechangeappTests/Pods-wechangeappTests.release.xcconfig"; sourceTree = "<group>"; };
		769E135B0E339194A594907E /* Pods_wechangeapp.framework */ = {isa = PBXFileReference; explicitFileType = wrapper.framework; includeInIndex = 0; path = Pods_wechangeapp.framework; sourceTree = BUILT_PRODUCTS_DIR; };
		B97DF9797A7B64FD81FC8EBB /* Pods-wechangeapp-wechangeappUITests.debug.xcconfig */ = {isa = PBXFileReference; includeInIndex = 1; lastKnownFileType = text.xcconfig; name = "Pods-wechangeapp-wechangeappUITests.debug.xcconfig"; path = "Target Support Files/Pods-wechangeapp-wechangeappUITests/Pods-wechangeapp-wechangeappUITests.debug.xcconfig"; sourceTree = "<group>"; };
		BFDD95DA26A06676006DA5AC /* wechangeapp.app */ = {isa = PBXFileReference; explicitFileType = wrapper.application; includeInIndex = 0; path = wechangeapp.app; sourceTree = BUILT_PRODUCTS_DIR; };
		BFDD95DD26A06676006DA5AC /* AppDelegate.swift */ = {isa = PBXFileReference; lastKnownFileType = sourcecode.swift; path = AppDelegate.swift; sourceTree = "<group>"; };
		BFDD95DF26A06676006DA5AC /* SceneDelegate.swift */ = {isa = PBXFileReference; lastKnownFileType = sourcecode.swift; path = SceneDelegate.swift; sourceTree = "<group>"; };
		BFDD95E126A06676006DA5AC /* WeChangeViewController.swift */ = {isa = PBXFileReference; lastKnownFileType = sourcecode.swift; path = WeChangeViewController.swift; sourceTree = "<group>"; };
		BFDD95E426A06676006DA5AC /* Base */ = {isa = PBXFileReference; lastKnownFileType = file.storyboard; name = Base; path = Base.lproj/Main.storyboard; sourceTree = "<group>"; };
		BFDD95E626A06678006DA5AC /* Assets.xcassets */ = {isa = PBXFileReference; lastKnownFileType = folder.assetcatalog; path = Assets.xcassets; sourceTree = "<group>"; };
		BFDD95E926A06678006DA5AC /* Base */ = {isa = PBXFileReference; lastKnownFileType = file.storyboard; name = Base; path = Base.lproj/LaunchScreen.storyboard; sourceTree = "<group>"; };
		BFDD95EB26A06678006DA5AC /* Info.plist */ = {isa = PBXFileReference; lastKnownFileType = text.plist.xml; path = Info.plist; sourceTree = "<group>"; };
		BFDD95F026A06679006DA5AC /* wechangeappTests.xctest */ = {isa = PBXFileReference; explicitFileType = wrapper.cfbundle; includeInIndex = 0; path = wechangeappTests.xctest; sourceTree = BUILT_PRODUCTS_DIR; };
		BFDD95F426A06679006DA5AC /* wechangeappTests.swift */ = {isa = PBXFileReference; lastKnownFileType = sourcecode.swift; path = wechangeappTests.swift; sourceTree = "<group>"; };
		BFDD95F626A06679006DA5AC /* Info.plist */ = {isa = PBXFileReference; lastKnownFileType = text.plist.xml; path = Info.plist; sourceTree = "<group>"; };
		BFDD95FB26A06679006DA5AC /* wechangeappUITests.xctest */ = {isa = PBXFileReference; explicitFileType = wrapper.cfbundle; includeInIndex = 0; path = wechangeappUITests.xctest; sourceTree = BUILT_PRODUCTS_DIR; };
		BFDD95FF26A06679006DA5AC /* wechangeappUITests.swift */ = {isa = PBXFileReference; lastKnownFileType = sourcecode.swift; path = wechangeappUITests.swift; sourceTree = "<group>"; };
		BFDD960126A06679006DA5AC /* Info.plist */ = {isa = PBXFileReference; lastKnownFileType = text.plist.xml; path = Info.plist; sourceTree = "<group>"; };
		BFDD960E26A06DE8006DA5AC /* Config.swift */ = {isa = PBXFileReference; lastKnownFileType = sourcecode.swift; path = Config.swift; sourceTree = "<group>"; };
		BFDD961126A070DB006DA5AC /* ExternalAppInformation.swift */ = {isa = PBXFileReference; lastKnownFileType = sourcecode.swift; path = ExternalAppInformation.swift; sourceTree = "<group>"; };
		BFDD961426A071CD006DA5AC /* WechangeCookie.swift */ = {isa = PBXFileReference; lastKnownFileType = sourcecode.swift; path = WechangeCookie.swift; sourceTree = "<group>"; };
		BFDD961626A07634006DA5AC /* ViewModel.swift */ = {isa = PBXFileReference; lastKnownFileType = sourcecode.swift; path = ViewModel.swift; sourceTree = "<group>"; };
		BFDD961826A07A4A006DA5AC /* Net.swift */ = {isa = PBXFileReference; fileEncoding = 4; lastKnownFileType = sourcecode.swift; path = Net.swift; sourceTree = "<group>"; };
		D0B47C21C440B8B0E0F559D4 /* Pods-wechangeapp.debug.xcconfig */ = {isa = PBXFileReference; includeInIndex = 1; lastKnownFileType = text.xcconfig; name = "Pods-wechangeapp.debug.xcconfig"; path = "Target Support Files/Pods-wechangeapp/Pods-wechangeapp.debug.xcconfig"; sourceTree = "<group>"; };
		E3932CB8726823D8B5184ED0 /* Pods-wechangeapp.release.xcconfig */ = {isa = PBXFileReference; includeInIndex = 1; lastKnownFileType = text.xcconfig; name = "Pods-wechangeapp.release.xcconfig"; path = "Target Support Files/Pods-wechangeapp/Pods-wechangeapp.release.xcconfig"; sourceTree = "<group>"; };
		ED64DB421F3F190406364AD1 /* Pods-wechangeappTests.debug.xcconfig */ = {isa = PBXFileReference; includeInIndex = 1; lastKnownFileType = text.xcconfig; name = "Pods-wechangeappTests.debug.xcconfig"; path = "Target Support Files/Pods-wechangeappTests/Pods-wechangeappTests.debug.xcconfig"; sourceTree = "<group>"; };
		FA5F20CF26C973D600DD90A7 /* WeChangeNewsFetcher.swift */ = {isa = PBXFileReference; lastKnownFileType = sourcecode.swift; path = WeChangeNewsFetcher.swift; sourceTree = "<group>"; };
		FA5F20D126C9821F00DD90A7 /* WeChangeNotificationManager.swift */ = {isa = PBXFileReference; lastKnownFileType = sourcecode.swift; path = WeChangeNotificationManager.swift; sourceTree = "<group>"; };
/* End PBXFileReference section */

/* Begin PBXFrameworksBuildPhase section */
		BFDD95D726A06676006DA5AC /* Frameworks */ = {
			isa = PBXFrameworksBuildPhase;
			buildActionMask = 2147483647;
			files = (
				21E40F6F76845E0A8CCFC3DB /* Pods_wechangeapp.framework in Frameworks */,
			);
			runOnlyForDeploymentPostprocessing = 0;
		};
		BFDD95ED26A06679006DA5AC /* Frameworks */ = {
			isa = PBXFrameworksBuildPhase;
			buildActionMask = 2147483647;
			files = (
				38B45F499E7110990FE0FD85 /* Pods_wechangeappTests.framework in Frameworks */,
			);
			runOnlyForDeploymentPostprocessing = 0;
		};
		BFDD95F826A06679006DA5AC /* Frameworks */ = {
			isa = PBXFrameworksBuildPhase;
			buildActionMask = 2147483647;
			files = (
				C26A3765CA3CC9FD2E089890 /* Pods_wechangeapp_wechangeappUITests.framework in Frameworks */,
			);
			runOnlyForDeploymentPostprocessing = 0;
		};
/* End PBXFrameworksBuildPhase section */

/* Begin PBXGroup section */
		92EFC21E652A21DCD133D4BD /* Pods */ = {
			isa = PBXGroup;
			children = (
				D0B47C21C440B8B0E0F559D4 /* Pods-wechangeapp.debug.xcconfig */,
				E3932CB8726823D8B5184ED0 /* Pods-wechangeapp.release.xcconfig */,
				B97DF9797A7B64FD81FC8EBB /* Pods-wechangeapp-wechangeappUITests.debug.xcconfig */,
				735967B724D1EE6963C2C4A5 /* Pods-wechangeapp-wechangeappUITests.release.xcconfig */,
				ED64DB421F3F190406364AD1 /* Pods-wechangeappTests.debug.xcconfig */,
				738447956824D5A1D08AB999 /* Pods-wechangeappTests.release.xcconfig */,
			);
			path = Pods;
			sourceTree = "<group>";
		};
		BFDD95D126A06676006DA5AC = {
			isa = PBXGroup;
			children = (
				BFDD95DC26A06676006DA5AC /* wechangeapp */,
				BFDD95F326A06679006DA5AC /* wechangeappTests */,
				BFDD95FE26A06679006DA5AC /* wechangeappUITests */,
				BFDD95DB26A06676006DA5AC /* Products */,
				92EFC21E652A21DCD133D4BD /* Pods */,
				CD42BC4976DDFB2B063606D2 /* Frameworks */,
			);
			sourceTree = "<group>";
		};
		BFDD95DB26A06676006DA5AC /* Products */ = {
			isa = PBXGroup;
			children = (
				BFDD95DA26A06676006DA5AC /* wechangeapp.app */,
				BFDD95F026A06679006DA5AC /* wechangeappTests.xctest */,
				BFDD95FB26A06679006DA5AC /* wechangeappUITests.xctest */,
			);
			name = Products;
			sourceTree = "<group>";
		};
		BFDD95DC26A06676006DA5AC /* wechangeapp */ = {
			isa = PBXGroup;
			children = (
				BFDD960D26A06DD2006DA5AC /* config */,
				BFDD961026A070C9006DA5AC /* model */,
				BFDD961326A07199006DA5AC /* util */,
				BFDD95DD26A06676006DA5AC /* AppDelegate.swift */,
				FA5F20D126C9821F00DD90A7 /* WeChangeNotificationManager.swift */,
				BFDD95DF26A06676006DA5AC /* SceneDelegate.swift */,
				BFDD95E126A06676006DA5AC /* WeChangeViewController.swift */,
				FA5F20CF26C973D600DD90A7 /* WeChangeNewsFetcher.swift */,
				BFDD95E326A06676006DA5AC /* Main.storyboard */,
				BFDD95E626A06678006DA5AC /* Assets.xcassets */,
				BFDD95E826A06678006DA5AC /* LaunchScreen.storyboard */,
				BFDD95EB26A06678006DA5AC /* Info.plist */,
			);
			path = wechangeapp;
			sourceTree = "<group>";
		};
		BFDD95F326A06679006DA5AC /* wechangeappTests */ = {
			isa = PBXGroup;
			children = (
				BFDD95F426A06679006DA5AC /* wechangeappTests.swift */,
				BFDD95F626A06679006DA5AC /* Info.plist */,
			);
			path = wechangeappTests;
			sourceTree = "<group>";
		};
		BFDD95FE26A06679006DA5AC /* wechangeappUITests */ = {
			isa = PBXGroup;
			children = (
				BFDD95FF26A06679006DA5AC /* wechangeappUITests.swift */,
				BFDD960126A06679006DA5AC /* Info.plist */,
			);
			path = wechangeappUITests;
			sourceTree = "<group>";
		};
		BFDD960D26A06DD2006DA5AC /* config */ = {
			isa = PBXGroup;
			children = (
				BFDD960E26A06DE8006DA5AC /* Config.swift */,
			);
			path = config;
			sourceTree = "<group>";
		};
		BFDD961026A070C9006DA5AC /* model */ = {
			isa = PBXGroup;
			children = (
				BFDD961126A070DB006DA5AC /* ExternalAppInformation.swift */,
				BFDD961626A07634006DA5AC /* ViewModel.swift */,
			);
			path = model;
			sourceTree = "<group>";
		};
		BFDD961326A07199006DA5AC /* util */ = {
			isa = PBXGroup;
			children = (
				BFDD961826A07A4A006DA5AC /* Net.swift */,
				BFDD961426A071CD006DA5AC /* WechangeCookie.swift */,
			);
			path = util;
			sourceTree = "<group>";
		};
		CD42BC4976DDFB2B063606D2 /* Frameworks */ = {
			isa = PBXGroup;
			children = (
				769E135B0E339194A594907E /* Pods_wechangeapp.framework */,
				1B7737F817D449C520211CB3 /* Pods_wechangeapp_wechangeappUITests.framework */,
				0BBD6669AFCADF6EC31C1D46 /* Pods_wechangeappTests.framework */,
			);
			name = Frameworks;
			sourceTree = "<group>";
		};
/* End PBXGroup section */

/* Begin PBXNativeTarget section */
		BFDD95D926A06676006DA5AC /* wechangeapp */ = {
			isa = PBXNativeTarget;
			buildConfigurationList = BFDD960426A06679006DA5AC /* Build configuration list for PBXNativeTarget "wechangeapp" */;
			buildPhases = (
				DFD276A865CE7D67069C48AD /* [CP] Check Pods Manifest.lock */,
				BFDD95D626A06676006DA5AC /* Sources */,
				BFDD95D726A06676006DA5AC /* Frameworks */,
				BFDD95D826A06676006DA5AC /* Resources */,
				BA166B0E7663AEED3D51C3F9 /* [CP] Embed Pods Frameworks */,
			);
			buildRules = (
			);
			dependencies = (
			);
			name = wechangeapp;
			productName = wechangeapp;
			productReference = BFDD95DA26A06676006DA5AC /* wechangeapp.app */;
			productType = "com.apple.product-type.application";
		};
		BFDD95EF26A06679006DA5AC /* wechangeappTests */ = {
			isa = PBXNativeTarget;
			buildConfigurationList = BFDD960726A06679006DA5AC /* Build configuration list for PBXNativeTarget "wechangeappTests" */;
			buildPhases = (
				5CD151D699336EE2412B7959 /* [CP] Check Pods Manifest.lock */,
				BFDD95EC26A06679006DA5AC /* Sources */,
				BFDD95ED26A06679006DA5AC /* Frameworks */,
				BFDD95EE26A06679006DA5AC /* Resources */,
			);
			buildRules = (
			);
			dependencies = (
				BFDD95F226A06679006DA5AC /* PBXTargetDependency */,
			);
			name = wechangeappTests;
			productName = wechangeappTests;
			productReference = BFDD95F026A06679006DA5AC /* wechangeappTests.xctest */;
			productType = "com.apple.product-type.bundle.unit-test";
		};
		BFDD95FA26A06679006DA5AC /* wechangeappUITests */ = {
			isa = PBXNativeTarget;
			buildConfigurationList = BFDD960A26A06679006DA5AC /* Build configuration list for PBXNativeTarget "wechangeappUITests" */;
			buildPhases = (
				3CFC659A808594B88E30A443 /* [CP] Check Pods Manifest.lock */,
				BFDD95F726A06679006DA5AC /* Sources */,
				BFDD95F826A06679006DA5AC /* Frameworks */,
				BFDD95F926A06679006DA5AC /* Resources */,
				9AD681F7291E92EDB70B404C /* [CP] Embed Pods Frameworks */,
			);
			buildRules = (
			);
			dependencies = (
				BFDD95FD26A06679006DA5AC /* PBXTargetDependency */,
			);
			name = wechangeappUITests;
			productName = wechangeappUITests;
			productReference = BFDD95FB26A06679006DA5AC /* wechangeappUITests.xctest */;
			productType = "com.apple.product-type.bundle.ui-testing";
		};
/* End PBXNativeTarget section */

/* Begin PBXProject section */
		BFDD95D226A06676006DA5AC /* Project object */ = {
			isa = PBXProject;
			attributes = {
				LastSwiftUpdateCheck = 1250;
				LastUpgradeCheck = 1250;
				TargetAttributes = {
					BFDD95D926A06676006DA5AC = {
						CreatedOnToolsVersion = 12.5;
					};
					BFDD95EF26A06679006DA5AC = {
						CreatedOnToolsVersion = 12.5;
						TestTargetID = BFDD95D926A06676006DA5AC;
					};
					BFDD95FA26A06679006DA5AC = {
						CreatedOnToolsVersion = 12.5;
						TestTargetID = BFDD95D926A06676006DA5AC;
					};
				};
			};
			buildConfigurationList = BFDD95D526A06676006DA5AC /* Build configuration list for PBXProject "wechangeapp" */;
			compatibilityVersion = "Xcode 9.3";
			developmentRegion = en;
			hasScannedForEncodings = 0;
			knownRegions = (
				en,
				Base,
			);
			mainGroup = BFDD95D126A06676006DA5AC;
			productRefGroup = BFDD95DB26A06676006DA5AC /* Products */;
			projectDirPath = "";
			projectRoot = "";
			targets = (
				BFDD95D926A06676006DA5AC /* wechangeapp */,
				BFDD95EF26A06679006DA5AC /* wechangeappTests */,
				BFDD95FA26A06679006DA5AC /* wechangeappUITests */,
			);
		};
/* End PBXProject section */

/* Begin PBXResourcesBuildPhase section */
		BFDD95D826A06676006DA5AC /* Resources */ = {
			isa = PBXResourcesBuildPhase;
			buildActionMask = 2147483647;
			files = (
				BFDD95EA26A06678006DA5AC /* LaunchScreen.storyboard in Resources */,
				BFDD95E726A06678006DA5AC /* Assets.xcassets in Resources */,
				BFDD95E526A06676006DA5AC /* Main.storyboard in Resources */,
			);
			runOnlyForDeploymentPostprocessing = 0;
		};
		BFDD95EE26A06679006DA5AC /* Resources */ = {
			isa = PBXResourcesBuildPhase;
			buildActionMask = 2147483647;
			files = (
			);
			runOnlyForDeploymentPostprocessing = 0;
		};
		BFDD95F926A06679006DA5AC /* Resources */ = {
			isa = PBXResourcesBuildPhase;
			buildActionMask = 2147483647;
			files = (
			);
			runOnlyForDeploymentPostprocessing = 0;
		};
/* End PBXResourcesBuildPhase section */

/* Begin PBXShellScriptBuildPhase section */
		3CFC659A808594B88E30A443 /* [CP] Check Pods Manifest.lock */ = {
			isa = PBXShellScriptBuildPhase;
			buildActionMask = 2147483647;
			files = (
			);
			inputFileListPaths = (
			);
			inputPaths = (
				"${PODS_PODFILE_DIR_PATH}/Podfile.lock",
				"${PODS_ROOT}/Manifest.lock",
			);
			name = "[CP] Check Pods Manifest.lock";
			outputFileListPaths = (
			);
			outputPaths = (
				"$(DERIVED_FILE_DIR)/Pods-wechangeapp-wechangeappUITests-checkManifestLockResult.txt",
			);
			runOnlyForDeploymentPostprocessing = 0;
			shellPath = /bin/sh;
			shellScript = "diff \"${PODS_PODFILE_DIR_PATH}/Podfile.lock\" \"${PODS_ROOT}/Manifest.lock\" > /dev/null\nif [ $? != 0 ] ; then\n    # print error to STDERR\n    echo \"error: The sandbox is not in sync with the Podfile.lock. Run 'pod install' or update your CocoaPods installation.\" >&2\n    exit 1\nfi\n# This output is used by Xcode 'outputs' to avoid re-running this script phase.\necho \"SUCCESS\" > \"${SCRIPT_OUTPUT_FILE_0}\"\n";
			showEnvVarsInLog = 0;
		};
		5CD151D699336EE2412B7959 /* [CP] Check Pods Manifest.lock */ = {
			isa = PBXShellScriptBuildPhase;
			buildActionMask = 2147483647;
			files = (
			);
			inputFileListPaths = (
			);
			inputPaths = (
				"${PODS_PODFILE_DIR_PATH}/Podfile.lock",
				"${PODS_ROOT}/Manifest.lock",
			);
			name = "[CP] Check Pods Manifest.lock";
			outputFileListPaths = (
			);
			outputPaths = (
				"$(DERIVED_FILE_DIR)/Pods-wechangeappTests-checkManifestLockResult.txt",
			);
			runOnlyForDeploymentPostprocessing = 0;
			shellPath = /bin/sh;
			shellScript = "diff \"${PODS_PODFILE_DIR_PATH}/Podfile.lock\" \"${PODS_ROOT}/Manifest.lock\" > /dev/null\nif [ $? != 0 ] ; then\n    # print error to STDERR\n    echo \"error: The sandbox is not in sync with the Podfile.lock. Run 'pod install' or update your CocoaPods installation.\" >&2\n    exit 1\nfi\n# This output is used by Xcode 'outputs' to avoid re-running this script phase.\necho \"SUCCESS\" > \"${SCRIPT_OUTPUT_FILE_0}\"\n";
			showEnvVarsInLog = 0;
		};
		9AD681F7291E92EDB70B404C /* [CP] Embed Pods Frameworks */ = {
			isa = PBXShellScriptBuildPhase;
			buildActionMask = 2147483647;
			files = (
			);
			inputFileListPaths = (
				"${PODS_ROOT}/Target Support Files/Pods-wechangeapp-wechangeappUITests/Pods-wechangeapp-wechangeappUITests-frameworks-${CONFIGURATION}-input-files.xcfilelist",
			);
			name = "[CP] Embed Pods Frameworks";
			outputFileListPaths = (
				"${PODS_ROOT}/Target Support Files/Pods-wechangeapp-wechangeappUITests/Pods-wechangeapp-wechangeappUITests-frameworks-${CONFIGURATION}-output-files.xcfilelist",
			);
			runOnlyForDeploymentPostprocessing = 0;
			shellPath = /bin/sh;
			shellScript = "\"${PODS_ROOT}/Target Support Files/Pods-wechangeapp-wechangeappUITests/Pods-wechangeapp-wechangeappUITests-frameworks.sh\"\n";
			showEnvVarsInLog = 0;
		};
		BA166B0E7663AEED3D51C3F9 /* [CP] Embed Pods Frameworks */ = {
			isa = PBXShellScriptBuildPhase;
			buildActionMask = 2147483647;
			files = (
			);
			inputFileListPaths = (
				"${PODS_ROOT}/Target Support Files/Pods-wechangeapp/Pods-wechangeapp-frameworks-${CONFIGURATION}-input-files.xcfilelist",
			);
			name = "[CP] Embed Pods Frameworks";
			outputFileListPaths = (
				"${PODS_ROOT}/Target Support Files/Pods-wechangeapp/Pods-wechangeapp-frameworks-${CONFIGURATION}-output-files.xcfilelist",
			);
			runOnlyForDeploymentPostprocessing = 0;
			shellPath = /bin/sh;
			shellScript = "\"${PODS_ROOT}/Target Support Files/Pods-wechangeapp/Pods-wechangeapp-frameworks.sh\"\n";
			showEnvVarsInLog = 0;
		};
		DFD276A865CE7D67069C48AD /* [CP] Check Pods Manifest.lock */ = {
			isa = PBXShellScriptBuildPhase;
			buildActionMask = 2147483647;
			files = (
			);
			inputFileListPaths = (
			);
			inputPaths = (
				"${PODS_PODFILE_DIR_PATH}/Podfile.lock",
				"${PODS_ROOT}/Manifest.lock",
			);
			name = "[CP] Check Pods Manifest.lock";
			outputFileListPaths = (
			);
			outputPaths = (
				"$(DERIVED_FILE_DIR)/Pods-wechangeapp-checkManifestLockResult.txt",
			);
			runOnlyForDeploymentPostprocessing = 0;
			shellPath = /bin/sh;
			shellScript = "diff \"${PODS_PODFILE_DIR_PATH}/Podfile.lock\" \"${PODS_ROOT}/Manifest.lock\" > /dev/null\nif [ $? != 0 ] ; then\n    # print error to STDERR\n    echo \"error: The sandbox is not in sync with the Podfile.lock. Run 'pod install' or update your CocoaPods installation.\" >&2\n    exit 1\nfi\n# This output is used by Xcode 'outputs' to avoid re-running this script phase.\necho \"SUCCESS\" > \"${SCRIPT_OUTPUT_FILE_0}\"\n";
			showEnvVarsInLog = 0;
		};
/* End PBXShellScriptBuildPhase section */

/* Begin PBXSourcesBuildPhase section */
		BFDD95D626A06676006DA5AC /* Sources */ = {
			isa = PBXSourcesBuildPhase;
			buildActionMask = 2147483647;
			files = (
				BFDD95E226A06676006DA5AC /* WeChangeViewController.swift in Sources */,
				BFDD961226A070DB006DA5AC /* ExternalAppInformation.swift in Sources */,
				BFDD960F26A06DE8006DA5AC /* Config.swift in Sources */,
				BFDD961926A07A4A006DA5AC /* Net.swift in Sources */,
				FA5F20D226C9821F00DD90A7 /* WeChangeNotificationManager.swift in Sources */,
				BFDD95DE26A06676006DA5AC /* AppDelegate.swift in Sources */,
				BFDD95E026A06676006DA5AC /* SceneDelegate.swift in Sources */,
				FA5F20D026C973D700DD90A7 /* WeChangeNewsFetcher.swift in Sources */,
				BFDD961526A071CD006DA5AC /* WechangeCookie.swift in Sources */,
				BFDD961726A07634006DA5AC /* ViewModel.swift in Sources */,
			);
			runOnlyForDeploymentPostprocessing = 0;
		};
		BFDD95EC26A06679006DA5AC /* Sources */ = {
			isa = PBXSourcesBuildPhase;
			buildActionMask = 2147483647;
			files = (
				BFDD95F526A06679006DA5AC /* wechangeappTests.swift in Sources */,
			);
			runOnlyForDeploymentPostprocessing = 0;
		};
		BFDD95F726A06679006DA5AC /* Sources */ = {
			isa = PBXSourcesBuildPhase;
			buildActionMask = 2147483647;
			files = (
				BFDD960026A06679006DA5AC /* wechangeappUITests.swift in Sources */,
			);
			runOnlyForDeploymentPostprocessing = 0;
		};
/* End PBXSourcesBuildPhase section */

/* Begin PBXTargetDependency section */
		BFDD95F226A06679006DA5AC /* PBXTargetDependency */ = {
			isa = PBXTargetDependency;
			target = BFDD95D926A06676006DA5AC /* wechangeapp */;
			targetProxy = BFDD95F126A06679006DA5AC /* PBXContainerItemProxy */;
		};
		BFDD95FD26A06679006DA5AC /* PBXTargetDependency */ = {
			isa = PBXTargetDependency;
			target = BFDD95D926A06676006DA5AC /* wechangeapp */;
			targetProxy = BFDD95FC26A06679006DA5AC /* PBXContainerItemProxy */;
		};
/* End PBXTargetDependency section */

/* Begin PBXVariantGroup section */
		BFDD95E326A06676006DA5AC /* Main.storyboard */ = {
			isa = PBXVariantGroup;
			children = (
				BFDD95E426A06676006DA5AC /* Base */,
			);
			name = Main.storyboard;
			sourceTree = "<group>";
		};
		BFDD95E826A06678006DA5AC /* LaunchScreen.storyboard */ = {
			isa = PBXVariantGroup;
			children = (
				BFDD95E926A06678006DA5AC /* Base */,
			);
			name = LaunchScreen.storyboard;
			sourceTree = "<group>";
		};
/* End PBXVariantGroup section */

/* Begin XCBuildConfiguration section */
		BFDD960226A06679006DA5AC /* Debug */ = {
			isa = XCBuildConfiguration;
			buildSettings = {
				ALWAYS_SEARCH_USER_PATHS = NO;
				CLANG_ANALYZER_NONNULL = YES;
				CLANG_ANALYZER_NUMBER_OBJECT_CONVERSION = YES_AGGRESSIVE;
				CLANG_CXX_LANGUAGE_STANDARD = "gnu++14";
				CLANG_CXX_LIBRARY = "libc++";
				CLANG_ENABLE_MODULES = YES;
				CLANG_ENABLE_OBJC_ARC = YES;
				CLANG_ENABLE_OBJC_WEAK = YES;
				CLANG_WARN_BLOCK_CAPTURE_AUTORELEASING = YES;
				CLANG_WARN_BOOL_CONVERSION = YES;
				CLANG_WARN_COMMA = YES;
				CLANG_WARN_CONSTANT_CONVERSION = YES;
				CLANG_WARN_DEPRECATED_OBJC_IMPLEMENTATIONS = YES;
				CLANG_WARN_DIRECT_OBJC_ISA_USAGE = YES_ERROR;
				CLANG_WARN_DOCUMENTATION_COMMENTS = YES;
				CLANG_WARN_EMPTY_BODY = YES;
				CLANG_WARN_ENUM_CONVERSION = YES;
				CLANG_WARN_INFINITE_RECURSION = YES;
				CLANG_WARN_INT_CONVERSION = YES;
				CLANG_WARN_NON_LITERAL_NULL_CONVERSION = YES;
				CLANG_WARN_OBJC_IMPLICIT_RETAIN_SELF = YES;
				CLANG_WARN_OBJC_LITERAL_CONVERSION = YES;
				CLANG_WARN_OBJC_ROOT_CLASS = YES_ERROR;
				CLANG_WARN_QUOTED_INCLUDE_IN_FRAMEWORK_HEADER = YES;
				CLANG_WARN_RANGE_LOOP_ANALYSIS = YES;
				CLANG_WARN_STRICT_PROTOTYPES = YES;
				CLANG_WARN_SUSPICIOUS_MOVE = YES;
				CLANG_WARN_UNGUARDED_AVAILABILITY = YES_AGGRESSIVE;
				CLANG_WARN_UNREACHABLE_CODE = YES;
				CLANG_WARN__DUPLICATE_METHOD_MATCH = YES;
				COPY_PHASE_STRIP = NO;
				DEBUG_INFORMATION_FORMAT = dwarf;
				ENABLE_STRICT_OBJC_MSGSEND = YES;
				ENABLE_TESTABILITY = YES;
				GCC_C_LANGUAGE_STANDARD = gnu11;
				GCC_DYNAMIC_NO_PIC = NO;
				GCC_NO_COMMON_BLOCKS = YES;
				GCC_OPTIMIZATION_LEVEL = 0;
				GCC_PREPROCESSOR_DEFINITIONS = (
					"DEBUG=1",
					"$(inherited)",
				);
				GCC_WARN_64_TO_32_BIT_CONVERSION = YES;
				GCC_WARN_ABOUT_RETURN_TYPE = YES_ERROR;
				GCC_WARN_UNDECLARED_SELECTOR = YES;
				GCC_WARN_UNINITIALIZED_AUTOS = YES_AGGRESSIVE;
				GCC_WARN_UNUSED_FUNCTION = YES;
				GCC_WARN_UNUSED_VARIABLE = YES;
				IPHONEOS_DEPLOYMENT_TARGET = 13.6;
				MTL_ENABLE_DEBUG_INFO = INCLUDE_SOURCE;
				MTL_FAST_MATH = YES;
				ONLY_ACTIVE_ARCH = YES;
				SDKROOT = iphoneos;
				SWIFT_ACTIVE_COMPILATION_CONDITIONS = DEBUG;
				SWIFT_OPTIMIZATION_LEVEL = "-Onone";
			};
			name = Debug;
		};
		BFDD960326A06679006DA5AC /* Release */ = {
			isa = XCBuildConfiguration;
			buildSettings = {
				ALWAYS_SEARCH_USER_PATHS = NO;
				CLANG_ANALYZER_NONNULL = YES;
				CLANG_ANALYZER_NUMBER_OBJECT_CONVERSION = YES_AGGRESSIVE;
				CLANG_CXX_LANGUAGE_STANDARD = "gnu++14";
				CLANG_CXX_LIBRARY = "libc++";
				CLANG_ENABLE_MODULES = YES;
				CLANG_ENABLE_OBJC_ARC = YES;
				CLANG_ENABLE_OBJC_WEAK = YES;
				CLANG_WARN_BLOCK_CAPTURE_AUTORELEASING = YES;
				CLANG_WARN_BOOL_CONVERSION = YES;
				CLANG_WARN_COMMA = YES;
				CLANG_WARN_CONSTANT_CONVERSION = YES;
				CLANG_WARN_DEPRECATED_OBJC_IMPLEMENTATIONS = YES;
				CLANG_WARN_DIRECT_OBJC_ISA_USAGE = YES_ERROR;
				CLANG_WARN_DOCUMENTATION_COMMENTS = YES;
				CLANG_WARN_EMPTY_BODY = YES;
				CLANG_WARN_ENUM_CONVERSION = YES;
				CLANG_WARN_INFINITE_RECURSION = YES;
				CLANG_WARN_INT_CONVERSION = YES;
				CLANG_WARN_NON_LITERAL_NULL_CONVERSION = YES;
				CLANG_WARN_OBJC_IMPLICIT_RETAIN_SELF = YES;
				CLANG_WARN_OBJC_LITERAL_CONVERSION = YES;
				CLANG_WARN_OBJC_ROOT_CLASS = YES_ERROR;
				CLANG_WARN_QUOTED_INCLUDE_IN_FRAMEWORK_HEADER = YES;
				CLANG_WARN_RANGE_LOOP_ANALYSIS = YES;
				CLANG_WARN_STRICT_PROTOTYPES = YES;
				CLANG_WARN_SUSPICIOUS_MOVE = YES;
				CLANG_WARN_UNGUARDED_AVAILABILITY = YES_AGGRESSIVE;
				CLANG_WARN_UNREACHABLE_CODE = YES;
				CLANG_WARN__DUPLICATE_METHOD_MATCH = YES;
				COPY_PHASE_STRIP = NO;
				DEBUG_INFORMATION_FORMAT = "dwarf-with-dsym";
				ENABLE_NS_ASSERTIONS = NO;
				ENABLE_STRICT_OBJC_MSGSEND = YES;
				GCC_C_LANGUAGE_STANDARD = gnu11;
				GCC_NO_COMMON_BLOCKS = YES;
				GCC_WARN_64_TO_32_BIT_CONVERSION = YES;
				GCC_WARN_ABOUT_RETURN_TYPE = YES_ERROR;
				GCC_WARN_UNDECLARED_SELECTOR = YES;
				GCC_WARN_UNINITIALIZED_AUTOS = YES_AGGRESSIVE;
				GCC_WARN_UNUSED_FUNCTION = YES;
				GCC_WARN_UNUSED_VARIABLE = YES;
				IPHONEOS_DEPLOYMENT_TARGET = 13.6;
				MTL_ENABLE_DEBUG_INFO = NO;
				MTL_FAST_MATH = YES;
				SDKROOT = iphoneos;
				SWIFT_COMPILATION_MODE = wholemodule;
				SWIFT_OPTIMIZATION_LEVEL = "-O";
				VALIDATE_PRODUCT = YES;
			};
			name = Release;
		};
		BFDD960526A06679006DA5AC /* Debug */ = {
			isa = XCBuildConfiguration;
			baseConfigurationReference = D0B47C21C440B8B0E0F559D4 /* Pods-wechangeapp.debug.xcconfig */;
			buildSettings = {
				ASSETCATALOG_COMPILER_APPICON_NAME = AppIcon;
				ASSETCATALOG_COMPILER_GLOBAL_ACCENT_COLOR_NAME = AccentColor;
				CODE_SIGN_STYLE = Automatic;
				DEVELOPMENT_TEAM = 7G2C8A8AT6;
				INFOPLIST_FILE = wechangeapp/Info.plist;
				LD_RUNPATH_SEARCH_PATHS = (
					"$(inherited)",
					"@executable_path/Frameworks",
				);
				MARKETING_VERSION = 0.1;
				PRODUCT_BUNDLE_IDENTIFIER = "de.wechange.skip-ios";
				PRODUCT_NAME = "$(TARGET_NAME)";
				SWIFT_VERSION = 5.0;
				TARGETED_DEVICE_FAMILY = "1,2";
			};
			name = Debug;
		};
		BFDD960626A06679006DA5AC /* Release */ = {
			isa = XCBuildConfiguration;
			baseConfigurationReference = E3932CB8726823D8B5184ED0 /* Pods-wechangeapp.release.xcconfig */;
			buildSettings = {
				ASSETCATALOG_COMPILER_APPICON_NAME = AppIcon;
				ASSETCATALOG_COMPILER_GLOBAL_ACCENT_COLOR_NAME = AccentColor;
				CODE_SIGN_STYLE = Automatic;
				DEVELOPMENT_TEAM = 7G2C8A8AT6;
				INFOPLIST_FILE = wechangeapp/Info.plist;
				LD_RUNPATH_SEARCH_PATHS = (
					"$(inherited)",
					"@executable_path/Frameworks",
				);
				MARKETING_VERSION = 0.1;
				PRODUCT_BUNDLE_IDENTIFIER = "de.wechange.skip-ios";
				PRODUCT_NAME = "$(TARGET_NAME)";
				SWIFT_VERSION = 5.0;
				TARGETED_DEVICE_FAMILY = "1,2";
			};
			name = Release;
		};
		BFDD960826A06679006DA5AC /* Debug */ = {
			isa = XCBuildConfiguration;
			baseConfigurationReference = ED64DB421F3F190406364AD1 /* Pods-wechangeappTests.debug.xcconfig */;
			buildSettings = {
				ALWAYS_EMBED_SWIFT_STANDARD_LIBRARIES = YES;
				BUNDLE_LOADER = "$(TEST_HOST)";
				CODE_SIGN_STYLE = Automatic;
				INFOPLIST_FILE = wechangeappTests/Info.plist;
				IPHONEOS_DEPLOYMENT_TARGET = 14.5;
				LD_RUNPATH_SEARCH_PATHS = (
					"$(inherited)",
					"@executable_path/Frameworks",
					"@loader_path/Frameworks",
				);
				PRODUCT_BUNDLE_IDENTIFIER = com.songu.wechangeappTests;
				PRODUCT_NAME = "$(TARGET_NAME)";
				SWIFT_VERSION = 5.0;
				TARGETED_DEVICE_FAMILY = "1,2";
				TEST_HOST = "$(BUILT_PRODUCTS_DIR)/wechangeapp.app/wechangeapp";
			};
			name = Debug;
		};
		BFDD960926A06679006DA5AC /* Release */ = {
			isa = XCBuildConfiguration;
			baseConfigurationReference = 738447956824D5A1D08AB999 /* Pods-wechangeappTests.release.xcconfig */;
			buildSettings = {
				ALWAYS_EMBED_SWIFT_STANDARD_LIBRARIES = YES;
				BUNDLE_LOADER = "$(TEST_HOST)";
				CODE_SIGN_STYLE = Automatic;
				INFOPLIST_FILE = wechangeappTests/Info.plist;
				IPHONEOS_DEPLOYMENT_TARGET = 14.5;
				LD_RUNPATH_SEARCH_PATHS = (
					"$(inherited)",
					"@executable_path/Frameworks",
					"@loader_path/Frameworks",
				);
				PRODUCT_BUNDLE_IDENTIFIER = com.songu.wechangeappTests;
				PRODUCT_NAME = "$(TARGET_NAME)";
				SWIFT_VERSION = 5.0;
				TARGETED_DEVICE_FAMILY = "1,2";
				TEST_HOST = "$(BUILT_PRODUCTS_DIR)/wechangeapp.app/wechangeapp";
			};
			name = Release;
		};
		BFDD960B26A06679006DA5AC /* Debug */ = {
			isa = XCBuildConfiguration;
			baseConfigurationReference = B97DF9797A7B64FD81FC8EBB /* Pods-wechangeapp-wechangeappUITests.debug.xcconfig */;
			buildSettings = {
				ALWAYS_EMBED_SWIFT_STANDARD_LIBRARIES = YES;
				CODE_SIGN_STYLE = Automatic;
				INFOPLIST_FILE = wechangeappUITests/Info.plist;
				LD_RUNPATH_SEARCH_PATHS = (
					"$(inherited)",
					"@executable_path/Frameworks",
					"@loader_path/Frameworks",
				);
				PRODUCT_BUNDLE_IDENTIFIER = com.songu.wechangeappUITests;
				PRODUCT_NAME = "$(TARGET_NAME)";
				SWIFT_VERSION = 5.0;
				TARGETED_DEVICE_FAMILY = "1,2";
				TEST_TARGET_NAME = wechangeapp;
			};
			name = Debug;
		};
		BFDD960C26A06679006DA5AC /* Release */ = {
			isa = XCBuildConfiguration;
			baseConfigurationReference = 735967B724D1EE6963C2C4A5 /* Pods-wechangeapp-wechangeappUITests.release.xcconfig */;
			buildSettings = {
				ALWAYS_EMBED_SWIFT_STANDARD_LIBRARIES = YES;
				CODE_SIGN_STYLE = Automatic;
				INFOPLIST_FILE = wechangeappUITests/Info.plist;
				LD_RUNPATH_SEARCH_PATHS = (
					"$(inherited)",
					"@executable_path/Frameworks",
					"@loader_path/Frameworks",
				);
				PRODUCT_BUNDLE_IDENTIFIER = com.songu.wechangeappUITests;
				PRODUCT_NAME = "$(TARGET_NAME)";
				SWIFT_VERSION = 5.0;
				TARGETED_DEVICE_FAMILY = "1,2";
				TEST_TARGET_NAME = wechangeapp;
			};
			name = Release;
		};
/* End XCBuildConfiguration section */

/* Begin XCConfigurationList section */
		BFDD95D526A06676006DA5AC /* Build configuration list for PBXProject "wechangeapp" */ = {
			isa = XCConfigurationList;
			buildConfigurations = (
				BFDD960226A06679006DA5AC /* Debug */,
				BFDD960326A06679006DA5AC /* Release */,
			);
			defaultConfigurationIsVisible = 0;
			defaultConfigurationName = Release;
		};
		BFDD960426A06679006DA5AC /* Build configuration list for PBXNativeTarget "wechangeapp" */ = {
			isa = XCConfigurationList;
			buildConfigurations = (
				BFDD960526A06679006DA5AC /* Debug */,
				BFDD960626A06679006DA5AC /* Release */,
			);
			defaultConfigurationIsVisible = 0;
			defaultConfigurationName = Release;
		};
		BFDD960726A06679006DA5AC /* Build configuration list for PBXNativeTarget "wechangeappTests" */ = {
			isa = XCConfigurationList;
			buildConfigurations = (
				BFDD960826A06679006DA5AC /* Debug */,
				BFDD960926A06679006DA5AC /* Release */,
			);
			defaultConfigurationIsVisible = 0;
			defaultConfigurationName = Release;
		};
		BFDD960A26A06679006DA5AC /* Build configuration list for PBXNativeTarget "wechangeappUITests" */ = {
			isa = XCConfigurationList;
			buildConfigurations = (
				BFDD960B26A06679006DA5AC /* Debug */,
				BFDD960C26A06679006DA5AC /* Release */,
			);
			defaultConfigurationIsVisible = 0;
			defaultConfigurationName = Release;
		};
/* End XCConfigurationList section */
	};
	rootObject = BFDD95D226A06676006DA5AC /* Project object */;
}
